
Microsoft Visual Studio Solution File, Format Version 12.00
# Visual Studio Version 17
VisualStudioVersion = 17.13.35919.96 d17.13
MinimumVisualStudioVersion = 10.0.40219.1
Project("{54A90642-561A-4BB1-A94E-469ADEE60C69}") = "webthuebansach.client", "webthuebansach.client\webthuebansach.client.esproj", "{3B498EB7-9523-1755-EE55-6A36FEB8FBC1}"
EndProject
Project("{FAE04EC0-301F-11D3-BF4B-00C04F79EFBC}") = "WebThueBanSach.Server", "WebThueBanSach.Server\WebThueBanSach.Server.csproj", "{5E72C230-83BD-4BA0-973C-079C25D7EC5A}"
EndProject
Global
	GlobalSection(SolutionConfigurationPlatforms) = preSolution
		Debug|Any CPU = Debug|Any CPU
		Release|Any CPU = Release|Any CPU
	EndGlobalSection
	GlobalSection(ProjectConfigurationPlatforms) = postSolution
		{3B498EB7-9523-1755-EE55-6A36FEB8FBC1}.Debug|Any CPU.ActiveCfg = Debug|Any CPU
		{3B498EB7-9523-1755-EE55-6A36FEB8FBC1}.Debug|Any CPU.Build.0 = Debug|Any CPU
		{3B498EB7-9523-1755-EE55-6A36FEB8FBC1}.Debug|Any CPU.Deploy.0 = Debug|Any CPU
		{3B498EB7-9523-1755-EE55-6A36FEB8FBC1}.Release|Any CPU.ActiveCfg = Release|Any CPU
		{3B498EB7-9523-1755-EE55-6A36FEB8FBC1}.Release|Any CPU.Build.0 = Release|Any CPU
		{3B498EB7-9523-1755-EE55-6A36FEB8FBC1}.Release|Any CPU.Deploy.0 = Release|Any CPU
		{5E72C230-83BD-4BA0-973C-079C25D7EC5A}.Debug|Any CPU.ActiveCfg = Debug|Any CPU
		{5E72C230-83BD-4BA0-973C-079C25D7EC5A}.Debug|Any CPU.Build.0 = Debug|Any CPU
		{5E72C230-83BD-4BA0-973C-079C25D7EC5A}.Release|Any CPU.ActiveCfg = Release|Any CPU
		{5E72C230-83BD-4BA0-973C-079C25D7EC5A}.Release|Any CPU.Build.0 = Release|Any CPU
	EndGlobalSection
	GlobalSection(SolutionProperties) = preSolution
		HideSolutionNode = FALSE
	EndGlobalSection
	GlobalSection(ExtensibilityGlobals) = postSolution
		SolutionGuid = {2B462059-E399-4CEE-967C-2B9611EFC406}
	EndGlobalSection
EndGlobal
